
Microsoft Visual Studio Solution File, Format Version 12.00
# Visual Studio 15
VisualStudioVersion = 15.0.26430.15
MinimumVisualStudioVersion = 10.0.40219.1
Project("{FAE04EC0-301F-11D3-BF4B-00C04F79EFBC}") = "FileChecker", "FileChecker\FileChecker.csproj", "{FE8E9E11-E422-4F6E-A8F3-1F5DED616903}"
EndProject
Project("{FAE04EC0-301F-11D3-BF4B-00C04F79EFBC}") = "FileChecker.Core", "FileChecker.Core\FileChecker.Core.csproj", "{EF7DC035-C8D2-4A96-ADED-0C0B1C50B00F}"
EndProject
Global
	GlobalSection(SolutionConfigurationPlatforms) = preSolution
		Debug|Any CPU = Debug|Any CPU
		Release|Any CPU = Release|Any CPU
	EndGlobalSection
	GlobalSection(ProjectConfigurationPlatforms) = postSolution
		{FE8E9E11-E422-4F6E-A8F3-1F5DED616903}.Debug|Any CPU.ActiveCfg = Debug|Any CPU
		{FE8E9E11-E422-4F6E-A8F3-1F5DED616903}.Debug|Any CPU.Build.0 = Debug|Any CPU
		{FE8E9E11-E422-4F6E-A8F3-1F5DED616903}.Release|Any CPU.ActiveCfg = Release|Any CPU
		{FE8E9E11-E422-4F6E-A8F3-1F5DED616903}.Release|Any CPU.Build.0 = Release|Any CPU
		{EF7DC035-C8D2-4A96-ADED-0C0B1C50B00F}.Debug|Any CPU.ActiveCfg = Debug|Any CPU
		{EF7DC035-C8D2-4A96-ADED-0C0B1C50B00F}.Debug|Any CPU.Build.0 = Debug|Any CPU
		{EF7DC035-C8D2-4A96-ADED-0C0B1C50B00F}.Release|Any CPU.ActiveCfg = Release|Any CPU
		{EF7DC035-C8D2-4A96-ADED-0C0B1C50B00F}.Release|Any CPU.Build.0 = Release|Any CPU
	EndGlobalSection
	GlobalSection(SolutionProperties) = preSolution
		HideSolutionNode = FALSE
	EndGlobalSection
EndGlobal
